
Microsoft Visual Studio Solution File, Format Version 12.00
# Visual Studio 15
VisualStudioVersion = 15.0.28307.421
MinimumVisualStudioVersion = 10.0.40219.1
Project("{FAE04EC0-301F-11D3-BF4B-00C04F79EFBC}") = "PlataformaPDCOnline", "PlataformaPDCOnline\PlataformaPDCOnline.csproj", "{A057AC42-3F43-441A-B32F-E298D6B0EE69}"
EndProject
Global
	GlobalSection(SolutionConfigurationPlatforms) = preSolution
		Debug|Any CPU = Debug|Any CPU
		Release|Any CPU = Release|Any CPU
	EndGlobalSection
	GlobalSection(ProjectConfigurationPlatforms) = postSolution
		{A057AC42-3F43-441A-B32F-E298D6B0EE69}.Debug|Any CPU.ActiveCfg = Debug|Any CPU
		{A057AC42-3F43-441A-B32F-E298D6B0EE69}.Debug|Any CPU.Build.0 = Debug|Any CPU
		{A057AC42-3F43-441A-B32F-E298D6B0EE69}.Release|Any CPU.ActiveCfg = Release|Any CPU
		{A057AC42-3F43-441A-B32F-E298D6B0EE69}.Release|Any CPU.Build.0 = Release|Any CPU
	EndGlobalSection
	GlobalSection(SolutionProperties) = preSolution
		HideSolutionNode = FALSE
	EndGlobalSection
	GlobalSection(ExtensibilityGlobals) = postSolution
		SolutionGuid = {9C63D1F7-5288-46B3-BE9F-91124AD07400}
	EndGlobalSection
EndGlobal
