
Microsoft Visual Studio Solution File, Format Version 12.00
# Visual Studio 15
VisualStudioVersion = 15.0.28307.421
MinimumVisualStudioVersion = 10.0.40219.1
Project("{2150E333-8FDC-42A3-9474-1A3956D46DE8}") = "src", "src", "{C7872EC3-A555-4C16-B391-F7EEAC02EB4D}"
EndProject
Project("{9A19103F-16F7-4668-BE54-9A1E7A4F7556}") = "PlataformaPDCOnline", "src\PlataformaPDCOnline\PlataformaPDCOnline.csproj", "{EA55BA86-9726-4100-B3D0-922D5DBEEE8B}"
EndProject
Project("{9A19103F-16F7-4668-BE54-9A1E7A4F7556}") = "OdbcDatabase", "src\OdbcDatabase\OdbcDatabase.csproj", "{1992A03E-0823-40A3-B3A3-FAB80D72C722}"
EndProject
Global
	GlobalSection(SolutionConfigurationPlatforms) = preSolution
		Debug|Any CPU = Debug|Any CPU
		Release|Any CPU = Release|Any CPU
	EndGlobalSection
	GlobalSection(ProjectConfigurationPlatforms) = postSolution
		{EA55BA86-9726-4100-B3D0-922D5DBEEE8B}.Debug|Any CPU.ActiveCfg = Debug|Any CPU
		{EA55BA86-9726-4100-B3D0-922D5DBEEE8B}.Debug|Any CPU.Build.0 = Debug|Any CPU
		{EA55BA86-9726-4100-B3D0-922D5DBEEE8B}.Release|Any CPU.ActiveCfg = Release|Any CPU
		{EA55BA86-9726-4100-B3D0-922D5DBEEE8B}.Release|Any CPU.Build.0 = Release|Any CPU
		{1992A03E-0823-40A3-B3A3-FAB80D72C722}.Debug|Any CPU.ActiveCfg = Debug|Any CPU
		{1992A03E-0823-40A3-B3A3-FAB80D72C722}.Debug|Any CPU.Build.0 = Debug|Any CPU
		{1992A03E-0823-40A3-B3A3-FAB80D72C722}.Release|Any CPU.ActiveCfg = Release|Any CPU
		{1992A03E-0823-40A3-B3A3-FAB80D72C722}.Release|Any CPU.Build.0 = Release|Any CPU
	EndGlobalSection
	GlobalSection(SolutionProperties) = preSolution
		HideSolutionNode = FALSE
	EndGlobalSection
	GlobalSection(NestedProjects) = preSolution
		{EA55BA86-9726-4100-B3D0-922D5DBEEE8B} = {C7872EC3-A555-4C16-B391-F7EEAC02EB4D}
		{1992A03E-0823-40A3-B3A3-FAB80D72C722} = {C7872EC3-A555-4C16-B391-F7EEAC02EB4D}
	EndGlobalSection
	GlobalSection(ExtensibilityGlobals) = postSolution
		SolutionGuid = {AF93CE2F-9EE7-4D68-AEE6-5B16AAB22A37}
	EndGlobalSection
EndGlobal
